// !$*UTF8*$!
{
	archiveVersion = 1;
	classes = {
	};
	objectVersion = 77;
	objects = {

/* Begin PBXBuildFile section */
		14EBF5AF2F7858B2004C06DC /* Auth in Frameworks */ = {isa = PBXBuildFile; productRef = 14EBF5AE2F7858B2004C06DC /* Auth */; };
		14EBF5B12F7858B2004C06DC /* Functions in Frameworks */ = {isa = PBXBuildFile; productRef = 14EBF5B02F7858B2004C06DC /* Functions */; };
		14EBF5B32F7858B2004C06DC /* PostgREST in Frameworks */ = {isa = PBXBuildFile; productRef = 14EBF5B22F7858B2004C06DC /* PostgREST */; };
		14EBF5B52F7858B2004C06DC /* Realtime in Frameworks */ = {isa = PBXBuildFile; productRef = 14EBF5B42F7858B2004C06DC /* Realtime */; };
		14EBF5B72F7858B2004C06DC /* Storage in Frameworks */ = {isa = PBXBuildFile; productRef = 14EBF5B62F7858B2004C06DC /* Storage */; };
		14EBF5B92F7858B2004C06DC /* Supabase in Frameworks */ = {isa = PBXBuildFile; productRef = 14EBF5B82F7858B2004C06DC /* Supabase */; };
/* End PBXBuildFile section */

/* Begin PBXContainerItemProxy section */
		14077BCC2F5D08C100BEBEE1 /* PBXContainerItemProxy */ = {
			isa = PBXContainerItemProxy;
			containerPortal = 14077BB62F5D08BF00BEBEE1 /* Project object */;
			proxyType = 1;
			remoteGlobalIDString = 14077BBD2F5D08BF00BEBEE1;
			remoteInfo = Project3;
		};
		14077BD62F5D08C100BEBEE1 /* PBXContainerItemProxy */ = {
			isa = PBXContainerItemProxy;
			containerPortal = 14077BB62F5D08BF00BEBEE1 /* Project object */;
			proxyType = 1;
			remoteGlobalIDString = 14077BBD2F5D08BF00BEBEE1;
			remoteInfo = Project3;
		};
/* End PBXContainerItemProxy section */

/* Begin PBXFileReference section */
		14077BBE2F5D08C000BEBEE1 /* Project3.app */ = {isa = PBXFileReference; explicitFileType = wrapper.application; includeInIndex = 0; path = Project3.app; sourceTree = BUILT_PRODUCTS_DIR; };
		14077BCB2F5D08C100BEBEE1 /* Project3Tests.xctest */ = {isa = PBXFileReference; explicitFileType = wrapper.cfbundle; includeInIndex = 0; path = Project3Tests.xctest; sourceTree = BUILT_PRODUCTS_DIR; };
		14077BD52F5D08C100BEBEE1 /* Project3UITests.xctest */ = {isa = PBXFileReference; explicitFileType = wrapper.cfbundle; includeInIndex = 0; path = Project3UITests.xctest; sourceTree = BUILT_PRODUCTS_DIR; };
/* End PBXFileReference section */

/* Begin PBXFileSystemSynchronizedRootGroup section */
		14077BC02F5D08C000BEBEE1 /* Project3 */ = {
			isa = PBXFileSystemSynchronizedRootGroup;
			path = Project3;
			sourceTree = "<group>";
		};
		14077BCE2F5D08C100BEBEE1 /* Project3Tests */ = {
			isa = PBXFileSystemSynchronizedRootGroup;
			path = Project3Tests;
			sourceTree = "<group>";
		};
		14077BD82F5D08C100BEBEE1 /* Project3UITests */ = {
			isa = PBXFileSystemSynchronizedRootGroup;
			path = Project3UITests;
			sourceTree = "<group>";
		};
/* End PBXFileSystemSynchronizedRootGroup section */

/* Begin PBXFrameworksBuildPhase section */
		14077BBB2F5D08BF00BEBEE1 /* Frameworks */ = {
			isa = PBXFrameworksBuildPhase;
			buildActionMask = 2147483647;
			files = (
				14EBF5B32F7858B2004C06DC /* PostgREST in Frameworks */,
				14EBF5B12F7858B2004C06DC /* Functions in Frameworks */,
				14EBF5B92F7858B2004C06DC /* Supabase in Frameworks */,
				14EBF5AF2F7858B2004C06DC /* Auth in Frameworks */,
				14EBF5B72F7858B2004C06DC /* Storage in Frameworks */,
				14EBF5B52F7858B2004C06DC /* Realtime in Frameworks */,
			);
			runOnlyForDeploymentPostprocessing = 0;
		};
		14077BC82F5D08C100BEBEE1 /* Frameworks */ = {
			isa = PBXFrameworksBuildPhase;
			buildActionMask = 2147483647;
			files = (
			);
			runOnlyForDeploymentPostprocessing = 0;
		};
		14077BD22F5D08C100BEBEE1 /* Frameworks */ = {
			isa = PBXFrameworksBuildPhase;
			buildActionMask = 2147483647;
			files = (
			);
			runOnlyForDeploymentPostprocessing = 0;
		};
/* End PBXFrameworksBuildPhase section */

/* Begin PBXGroup section */
		14077BB52F5D08BF00BEBEE1 = {
			isa = PBXGroup;
			children = (
				14077BC02F5D08C000BEBEE1 /* Project3 */,
				14077BCE2F5D08C100BEBEE1 /* Project3Tests */,
				14077BD82F5D08C100BEBEE1 /* Project3UITests */,
				14077BBF2F5D08C000BEBEE1 /* Products */,
			);
			sourceTree = "<group>";
		};
		14077BBF2F5D08C000BEBEE1 /* Products */ = {
			isa = PBXGroup;
			children = (
				14077BBE2F5D08C000BEBEE1 /* Project3.app */,
				14077BCB2F5D08C100BEBEE1 /* Project3Tests.xctest */,
				14077BD52F5D08C100BEBEE1 /* Project3UITests.xctest */,
			);
			name = Products;
			sourceTree = "<group>";
		};
/* End PBXGroup section */

/* Begin PBXNativeTarget section */
		14077BBD2F5D08BF00BEBEE1 /* Project3 */ = {
			isa = PBXNativeTarget;
			buildConfigurationList = 14077BDF2F5D08C100BEBEE1 /* Build configuration list for PBXNativeTarget "Project3" */;
			buildPhases = (
				14077BBA2F5D08BF00BEBEE1 /* Sources */,
				14077BBB2F5D08BF00BEBEE1 /* Frameworks */,
				14077BBC2F5D08BF00BEBEE1 /* Resources */,
			);
			buildRules = (
			);
			dependencies = (
			);
			fileSystemSynchronizedGroups = (
				14077BC02F5D08C000BEBEE1 /* Project3 */,
			);
			name = Project3;
			packageProductDependencies = (
				14EBF5AE2F7858B2004C06DC /* Auth */,
				14EBF5B02F7858B2004C06DC /* Functions */,
				14EBF5B22F7858B2004C06DC /* PostgREST */,
				14EBF5B42F7858B2004C06DC /* Realtime */,
				14EBF5B62F7858B2004C06DC /* Storage */,
				14EBF5B82F7858B2004C06DC /* Supabase */,
			);
			productName = Project3;
			productReference = 14077BBE2F5D08C000BEBEE1 /* Project3.app */;
			productType = "com.apple.product-type.application";
		};
		14077BCA2F5D08C100BEBEE1 /* Project3Tests */ = {
			isa = PBXNativeTarget;
			buildConfigurationList = 14077BE22F5D08C100BEBEE1 /* Build configuration list for PBXNativeTarget "Project3Tests" */;
			buildPhases = (
				14077BC72F5D08C100BEBEE1 /* Sources */,
				14077BC82F5D08C100BEBEE1 /* Frameworks */,
				14077BC92F5D08C100BEBEE1 /* Resources */,
			);
			buildRules = (
			);
			dependencies = (
				14077BCD2F5D08C100BEBEE1 /* PBXTargetDependency */,
			);
			fileSystemSynchronizedGroups = (
				14077BCE2F5D08C100BEBEE1 /* Project3Tests */,
			);
			name = Project3Tests;
			packageProductDependencies = (
			);
			productName = Project3Tests;
			productReference = 14077BCB2F5D08C100BEBEE1 /* Project3Tests.xctest */;
			productType = "com.apple.product-type.bundle.unit-test";
		};
		14077BD42F5D08C100BEBEE1 /* Project3UITests */ = {
			isa = PBXNativeTarget;
			buildConfigurationList = 14077BE52F5D08C100BEBEE1 /* Build configuration list for PBXNativeTarget "Project3UITests" */;
			buildPhases = (
				14077BD12F5D08C100BEBEE1 /* Sources */,
				14077BD22F5D08C100BEBEE1 /* Frameworks */,
				14077BD32F5D08C100BEBEE1 /* Resources */,
			);
			buildRules = (
			);
			dependencies = (
				14077BD72F5D08C100BEBEE1 /* PBXTargetDependency */,
			);
			fileSystemSynchronizedGroups = (
				14077BD82F5D08C100BEBEE1 /* Project3UITests */,
			);
			name = Project3UITests;
			packageProductDependencies = (
			);
			productName = Project3UITests;
			productReference = 14077BD52F5D08C100BEBEE1 /* Project3UITests.xctest */;
			productType = "com.apple.product-type.bundle.ui-testing";
		};
/* End PBXNativeTarget section */

/* Begin PBXProject section */
		14077BB62F5D08BF00BEBEE1 /* Project object */ = {
			isa = PBXProject;
			attributes = {
				BuildIndependentTargetsInParallel = 1;
				LastSwiftUpdateCheck = 2630;
				LastUpgradeCheck = 2630;
				TargetAttributes = {
					14077BBD2F5D08BF00BEBEE1 = {
						CreatedOnToolsVersion = 26.3;
					};
					14077BCA2F5D08C100BEBEE1 = {
						CreatedOnToolsVersion = 26.3;
						TestTargetID = 14077BBD2F5D08BF00BEBEE1;
					};
					14077BD42F5D08C100BEBEE1 = {
						CreatedOnToolsVersion = 26.3;
						TestTargetID = 14077BBD2F5D08BF00BEBEE1;
					};
				};
			};
			buildConfigurationList = 14077BB92F5D08BF00BEBEE1 /* Build configuration list for PBXProject "Project3" */;
			developmentRegion = en;
			hasScannedForEncodings = 0;
			knownRegions = (
				en,
				Base,
			);
			mainGroup = 14077BB52F5D08BF00BEBEE1;
			minimizedProjectReferenceProxies = 1;
			packageReferences = (
				14EBF5AD2F7858B2004C06DC /* XCRemoteSwiftPackageReference "supabase-swift" */,
			);
			preferredProjectObjectVersion = 77;
			productRefGroup = 14077BBF2F5D08C000BEBEE1 /* Products */;
			projectDirPath = "";
			projectRoot = "";
			targets = (
				14077BBD2F5D08BF00BEBEE1 /* Project3 */,
				14077BCA2F5D08C100BEBEE1 /* Project3Tests */,
				14077BD42F5D08C100BEBEE1 /* Project3UITests */,
			);
		};
/* End PBXProject section */

/* Begin PBXResourcesBuildPhase section */
		14077BBC2F5D08BF00BEBEE1 /* Resources */ = {
			isa = PBXResourcesBuildPhase;
			buildActionMask = 2147483647;
			files = (
			);
			runOnlyForDeploymentPostprocessing = 0;
		};
		14077BC92F5D08C100BEBEE1 /* Resources */ = {
			isa = PBXResourcesBuildPhase;
			buildActionMask = 2147483647;
			files = (
			);
			runOnlyForDeploymentPostprocessing = 0;
		};
		14077BD32F5D08C100BEBEE1 /* Resources */ = {
			isa = PBXResourcesBuildPhase;
			buildActionMask = 2147483647;
			files = (
			);
			runOnlyForDeploymentPostprocessing = 0;
		};
/* End PBXResourcesBuildPhase section */

/* Begin PBXSourcesBuildPhase section */
		14077BBA2F5D08BF00BEBEE1 /* Sources */ = {
			isa = PBXSourcesBuildPhase;
			buildActionMask = 2147483647;
			files = (
			);
			runOnlyForDeploymentPostprocessing = 0;
		};
		14077BC72F5D08C100BEBEE1 /* Sources */ = {
			isa = PBXSourcesBuildPhase;
			buildActionMask = 2147483647;
			files = (
			);
			runOnlyForDeploymentPostprocessing = 0;
		};
		14077BD12F5D08C100BEBEE1 /* Sources */ = {
			isa = PBXSourcesBuildPhase;
			buildActionMask = 2147483647;
			files = (
			);
			runOnlyForDeploymentPostprocessing = 0;
		};
/* End PBXSourcesBuildPhase section */

/* Begin PBXTargetDependency section */
		14077BCD2F5D08C100BEBEE1 /* PBXTargetDependency */ = {
			isa = PBXTargetDependency;
			target = 14077BBD2F5D08BF00BEBEE1 /* Project3 */;
			targetProxy = 14077BCC2F5D08C100BEBEE1 /* PBXContainerItemProxy */;
		};
		14077BD72F5D08C100BEBEE1 /* PBXTargetDependency */ = {
			isa = PBXTargetDependency;
			target = 14077BBD2F5D08BF00BEBEE1 /* Project3 */;
			targetProxy = 14077BD62F5D08C100BEBEE1 /* PBXContainerItemProxy */;
		};
/* End PBXTargetDependency section */

/* Begin XCBuildConfiguration section */
		14077BDD2F5D08C100BEBEE1 /* Debug */ = {
			isa = XCBuildConfiguration;
			buildSettings = {
				ALWAYS_SEARCH_USER_PATHS = NO;
				ASSETCATALOG_COMPILER_GENERATE_SWIFT_ASSET_SYMBOL_EXTENSIONS = YES;
				CLANG_ANALYZER_NONNULL = YES;
				CLANG_ANALYZER_NUMBER_OBJECT_CONVERSION = YES_AGGRESSIVE;
				CLANG_CXX_LANGUAGE_STANDARD = "gnu++20";
				CLANG_ENABLE_MODULES = YES;
				CLANG_ENABLE_OBJC_ARC = YES;
				CLANG_ENABLE_OBJC_WEAK = YES;
				CLANG_WARN_BLOCK_CAPTURE_AUTORELEASING = YES;
				CLANG_WARN_BOOL_CONVERSION = YES;
				CLANG_WARN_COMMA = YES;
				CLANG_WARN_CONSTANT_CONVERSION = YES;
				CLANG_WARN_DEPRECATED_OBJC_IMPLEMENTATIONS = YES;
				CLANG_WARN_DIRECT_OBJC_ISA_USAGE = YES_ERROR;
				CLANG_WARN_DOCUMENTATION_COMMENTS = YES;
				CLANG_WARN_EMPTY_BODY = YES;
				CLANG_WARN_ENUM_CONVERSION = YES;
				CLANG_WARN_INFINITE_RECURSION = YES;
				CLANG_WARN_INT_CONVERSION = YES;
				CLANG_WARN_NON_LITERAL_NULL_CONVERSION = YES;
				CLANG_WARN_OBJC_IMPLICIT_RETAIN_SELF = YES;
				CLANG_WARN_OBJC_LITERAL_CONVERSION = YES;
				CLANG_WARN_OBJC_ROOT_CLASS = YES_ERROR;
				CLANG_WARN_QUOTED_INCLUDE_IN_FRAMEWORK_HEADER = YES;
				CLANG_WARN_RANGE_LOOP_ANALYSIS = YES;
				CLANG_WARN_STRICT_PROTOTYPES = YES;
				CLANG_WARN_SUSPICIOUS_MOVE = YES;
				CLANG_WARN_UNGUARDED_AVAILABILITY = YES_AGGRESSIVE;
				CLANG_WARN_UNREACHABLE_CODE = YES;
				CLANG_WARN__DUPLICATE_METHOD_MATCH = YES;
				COPY_PHASE_STRIP = NO;
				DEBUG_INFORMATION_FORMAT = dwarf;
				DEVELOPMENT_TEAM = GXMB2KM329;
				ENABLE_STRICT_OBJC_MSGSEND = YES;
				ENABLE_TESTABILITY = YES;
				ENABLE_USER_SCRIPT_SANDBOXING = YES;
				GCC_C_LANGUAGE_STANDARD = gnu17;
				GCC_DYNAMIC_NO_PIC = NO;
				GCC_NO_COMMON_BLOCKS = YES;
				GCC_OPTIMIZATION_LEVEL = 0;
				GCC_PREPROCESSOR_DEFINITIONS = (
					"DEBUG=1",
					"$(inherited)",
				);
				GCC_WARN_64_TO_32_BIT_CONVERSION = YES;
				GCC_WARN_ABOUT_RETURN_TYPE = YES_ERROR;
				GCC_WARN_UNDECLARED_SELECTOR = YES;
				GCC_WARN_UNINITIALIZED_AUTOS = YES_AGGRESSIVE;
				GCC_WARN_UNUSED_FUNCTION = YES;
				GCC_WARN_UNUSED_VARIABLE = YES;
				IPHONEOS_DEPLOYMENT_TARGET = 26.2;
				LOCALIZATION_PREFERS_STRING_CATALOGS = YES;
				MTL_ENABLE_DEBUG_INFO = INCLUDE_SOURCE;
				MTL_FAST_MATH = YES;
				ONLY_ACTIVE_ARCH = YES;
				SDKROOT = iphoneos;
				SWIFT_ACTIVE_COMPILATION_CONDITIONS = "DEBUG $(inherited)";
				SWIFT_OPTIMIZATION_LEVEL = "-Onone";
			};
			name = Debug;
		};
		14077BDE2F5D08C100BEBEE1 /* Release */ = {
			isa = XCBuildConfiguration;
			buildSettings = {
				ALWAYS_SEARCH_USER_PATHS = NO;
				ASSETCATALOG_COMPILER_GENERATE_SWIFT_ASSET_SYMBOL_EXTENSIONS = YES;
				CLANG_ANALYZER_NONNULL = YES;
				CLANG_ANALYZER_NUMBER_OBJECT_CONVERSION = YES_AGGRESSIVE;
				CLANG_CXX_LANGUAGE_STANDARD = "gnu++20";
				CLANG_ENABLE_MODULES = YES;
				CLANG_ENABLE_OBJC_ARC = YES;
				CLANG_ENABLE_OBJC_WEAK = YES;
				CLANG_WARN_BLOCK_CAPTURE_AUTORELEASING = YES;
				CLANG_WARN_BOOL_CONVERSION = YES;
				CLANG_WARN_COMMA = YES;
				CLANG_WARN_CONSTANT_CONVERSION = YES;
				CLANG_WARN_DEPRECATED_OBJC_IMPLEMENTATIONS = YES;
				CLANG_WARN_DIRECT_OBJC_ISA_USAGE = YES_ERROR;
				CLANG_WARN_DOCUMENTATION_COMMENTS = YES;
				CLANG_WARN_EMPTY_BODY = YES;
				CLANG_WARN_ENUM_CONVERSION = YES;
				CLANG_WARN_INFINITE_RECURSION = YES;
				CLANG_WARN_INT_CONVERSION = YES;
				CLANG_WARN_NON_LITERAL_NULL_CONVERSION = YES;
				CLANG_WARN_OBJC_IMPLICIT_RETAIN_SELF = YES;
				CLANG_WARN_OBJC_LITERAL_CONVERSION = YES;
				CLANG_WARN_OBJC_ROOT_CLASS = YES_ERROR;
				CLANG_WARN_QUOTED_INCLUDE_IN_FRAMEWORK_HEADER = YES;
				CLANG_WARN_RANGE_LOOP_ANALYSIS = YES;
				CLANG_WARN_STRICT_PROTOTYPES = YES;
				CLANG_WARN_SUSPICIOUS_MOVE = YES;
				CLANG_WARN_UNGUARDED_AVAILABILITY = YES_AGGRESSIVE;
				CLANG_WARN_UNREACHABLE_CODE = YES;
				CLANG_WARN__DUPLICATE_METHOD_MATCH = YES;
				COPY_PHASE_STRIP = NO;
				DEBUG_INFORMATION_FORMAT = "dwarf-with-dsym";
				DEVELOPMENT_TEAM = GXMB2KM329;
				ENABLE_NS_ASSERTIONS = NO;
				ENABLE_STRICT_OBJC_MSGSEND = YES;
				ENABLE_USER_SCRIPT_SANDBOXING = YES;
				GCC_C_LANGUAGE_STANDARD = gnu17;
				GCC_NO_COMMON_BLOCKS = YES;
				GCC_WARN_64_TO_32_BIT_CONVERSION = YES;
				GCC_WARN_ABOUT_RETURN_TYPE = YES_ERROR;
				GCC_WARN_UNDECLARED_SELECTOR = YES;
				GCC_WARN_UNINITIALIZED_AUTOS = YES_AGGRESSIVE;
				GCC_WARN_UNUSED_FUNCTION = YES;
				GCC_WARN_UNUSED_VARIABLE = YES;
				IPHONEOS_DEPLOYMENT_TARGET = 26.2;
				LOCALIZATION_PREFERS_STRING_CATALOGS = YES;
				MTL_ENABLE_DEBUG_INFO = NO;
				MTL_FAST_MATH = YES;
				SDKROOT = iphoneos;
				SWIFT_COMPILATION_MODE = wholemodule;
				VALIDATE_PRODUCT = YES;
			};
			name = Release;
		};
		14077BE02F5D08C100BEBEE1 /* Debug */ = {
			isa = XCBuildConfiguration;
			buildSettings = {
				ASSETCATALOG_COMPILER_APPICON_NAME = AppIcon;
				ASSETCATALOG_COMPILER_GLOBAL_ACCENT_COLOR_NAME = AccentColor;
				CODE_SIGN_STYLE = Automatic;
				CURRENT_PROJECT_VERSION = 1;
				DEVELOPMENT_TEAM = GXMB2KM329;
				ENABLE_PREVIEWS = YES;
				GENERATE_INFOPLIST_FILE = YES;
				INFOPLIST_KEY_UIApplicationSceneManifest_Generation = YES;
				INFOPLIST_KEY_UIApplicationSupportsIndirectInputEvents = YES;
				INFOPLIST_KEY_UILaunchScreen_Generation = YES;
				INFOPLIST_KEY_UISupportedInterfaceOrientations_iPad = "UIInterfaceOrientationPortrait UIInterfaceOrientationPortraitUpsideDown UIInterfaceOrientationLandscapeLeft UIInterfaceOrientationLandscapeRight";
				INFOPLIST_KEY_UISupportedInterfaceOrientations_iPhone = "UIInterfaceOrientationPortrait UIInterfaceOrientationLandscapeLeft UIInterfaceOrientationLandscapeRight";
				LD_RUNPATH_SEARCH_PATHS = (
					"$(inherited)",
					"@executable_path/Frameworks",
				);
				MARKETING_VERSION = 1.0;
				PRODUCT_BUNDLE_IDENTIFIER = com.anushkarala.Project3;
				PRODUCT_NAME = "$(TARGET_NAME)";
				STRING_CATALOG_GENERATE_SYMBOLS = YES;
				SWIFT_APPROACHABLE_CONCURRENCY = YES;
				SWIFT_DEFAULT_ACTOR_ISOLATION = MainActor;
				SWIFT_EMIT_LOC_STRINGS = YES;
				SWIFT_UPCOMING_FEATURE_MEMBER_IMPORT_VISIBILITY = YES;
				SWIFT_VERSION = 5.0;
				TARGETED_DEVICE_FAMILY = "1,2";
			};
			name = Debug;
		};
		14077BE12F5D08C100BEBEE1 /* Release */ = {
			isa = XCBuildConfiguration;
			buildSettings = {
				ASSETCATALOG_COMPILER_APPICON_NAME = AppIcon;
				ASSETCATALOG_COMPILER_GLOBAL_ACCENT_COLOR_NAME = AccentColor;
				CODE_SIGN_STYLE = Automatic;
				CURRENT_PROJECT_VERSION = 1;
				DEVELOPMENT_TEAM = GXMB2KM329;
				ENABLE_PREVIEWS = YES;
				GENERATE_INFOPLIST_FILE = YES;
				INFOPLIST_KEY_UIApplicationSceneManifest_Generation = YES;
				INFOPLIST_KEY_UIApplicationSupportsIndirectInputEvents = YES;
				INFOPLIST_KEY_UILaunchScreen_Generation = YES;
				INFOPLIST_KEY_UISupportedInterfaceOrientations_iPad = "UIInterfaceOrientationPortrait UIInterfaceOrientationPortraitUpsideDown UIInterfaceOrientationLandscapeLeft UIInterfaceOrientationLandscapeRight";
				INFOPLIST_KEY_UISupportedInterfaceOrientations_iPhone = "UIInterfaceOrientationPortrait UIInterfaceOrientationLandscapeLeft UIInterfaceOrientationLandscapeRight";
				LD_RUNPATH_SEARCH_PATHS = (
					"$(inherited)",
					"@executable_path/Frameworks",
				);
				MARKETING_VERSION = 1.0;
				PRODUCT_BUNDLE_IDENTIFIER = com.anushkarala.Project3;
				PRODUCT_NAME = "$(TARGET_NAME)";
				STRING_CATALOG_GENERATE_SYMBOLS = YES;
				SWIFT_APPROACHABLE_CONCURRENCY = YES;
				SWIFT_DEFAULT_ACTOR_ISOLATION = MainActor;
				SWIFT_EMIT_LOC_STRINGS = YES;
				SWIFT_UPCOMING_FEATURE_MEMBER_IMPORT_VISIBILITY = YES;
				SWIFT_VERSION = 5.0;
				TARGETED_DEVICE_FAMILY = "1,2";
			};
			name = Release;
		};
		14077BE32F5D08C100BEBEE1 /* Debug */ = {
			isa = XCBuildConfiguration;
			buildSettings = {
				BUNDLE_LOADER = "$(TEST_HOST)";
				CODE_SIGN_STYLE = Automatic;
				CURRENT_PROJECT_VERSION = 1;
				DEVELOPMENT_TEAM = GXMB2KM329;
				GENERATE_INFOPLIST_FILE = YES;
				IPHONEOS_DEPLOYMENT_TARGET = 26.2;
				MARKETING_VERSION = 1.0;
				PRODUCT_BUNDLE_IDENTIFIER = com.anushkarala.Project3Tests;
				PRODUCT_NAME = "$(TARGET_NAME)";
				STRING_CATALOG_GENERATE_SYMBOLS = NO;
				SWIFT_APPROACHABLE_CONCURRENCY = YES;
				SWIFT_EMIT_LOC_STRINGS = NO;
				SWIFT_UPCOMING_FEATURE_MEMBER_IMPORT_VISIBILITY = YES;
				SWIFT_VERSION = 5.0;
				TARGETED_DEVICE_FAMILY = "1,2";
				TEST_HOST = "$(BUILT_PRODUCTS_DIR)/Project3.app/$(BUNDLE_EXECUTABLE_FOLDER_PATH)/Project3";
			};
			name = Debug;
		};
		14077BE42F5D08C100BEBEE1 /* Release */ = {
			isa = XCBuildConfiguration;
			buildSettings = {
				BUNDLE_LOADER = "$(TEST_HOST)";
				CODE_SIGN_STYLE = Automatic;
				CURRENT_PROJECT_VERSION = 1;
				DEVELOPMENT_TEAM = GXMB2KM329;
				GENERATE_INFOPLIST_FILE = YES;
				IPHONEOS_DEPLOYMENT_TARGET = 26.2;
				MARKETING_VERSION = 1.0;
				PRODUCT_BUNDLE_IDENTIFIER = com.anushkarala.Project3Tests;
				PRODUCT_NAME = "$(TARGET_NAME)";
				STRING_CATALOG_GENERATE_SYMBOLS = NO;
				SWIFT_APPROACHABLE_CONCURRENCY = YES;
				SWIFT_EMIT_LOC_STRINGS = NO;
				SWIFT_UPCOMING_FEATURE_MEMBER_IMPORT_VISIBILITY = YES;
				SWIFT_VERSION = 5.0;
				TARGETED_DEVICE_FAMILY = "1,2";
				TEST_HOST = "$(BUILT_PRODUCTS_DIR)/Project3.app/$(BUNDLE_EXECUTABLE_FOLDER_PATH)/Project3";
			};
			name = Release;
		};
		14077BE62F5D08C100BEBEE1 /* Debug */ = {
			isa = XCBuildConfiguration;
			buildSettings = {
				CODE_SIGN_STYLE = Automatic;
				CURRENT_PROJECT_VERSION = 1;
				DEVELOPMENT_TEAM = GXMB2KM329;
				GENERATE_INFOPLIST_FILE = YES;
				MARKETING_VERSION = 1.0;
				PRODUCT_BUNDLE_IDENTIFIER = com.anushkarala.Project3UITests;
				PRODUCT_NAME = "$(TARGET_NAME)";
				STRING_CATALOG_GENERATE_SYMBOLS = NO;
				SWIFT_APPROACHABLE_CONCURRENCY = YES;
				SWIFT_EMIT_LOC_STRINGS = NO;
				SWIFT_UPCOMING_FEATURE_MEMBER_IMPORT_VISIBILITY = YES;
				SWIFT_VERSION = 5.0;
				TARGETED_DEVICE_FAMILY = "1,2";
				TEST_TARGET_NAME = Project3;
			};
			name = Debug;
		};
		14077BE72F5D08C100BEBEE1 /* Release */ = {
			isa = XCBuildConfiguration;
			buildSettings = {
				CODE_SIGN_STYLE = Automatic;
				CURRENT_PROJECT_VERSION = 1;
				DEVELOPMENT_TEAM = GXMB2KM329;
				GENERATE_INFOPLIST_FILE = YES;
				MARKETING_VERSION = 1.0;
				PRODUCT_BUNDLE_IDENTIFIER = com.anushkarala.Project3UITests;
				PRODUCT_NAME = "$(TARGET_NAME)";
				STRING_CATALOG_GENERATE_SYMBOLS = NO;
				SWIFT_APPROACHABLE_CONCURRENCY = YES;
				SWIFT_EMIT_LOC_STRINGS = NO;
				SWIFT_UPCOMING_FEATURE_MEMBER_IMPORT_VISIBILITY = YES;
				SWIFT_VERSION = 5.0;
				TARGETED_DEVICE_FAMILY = "1,2";
				TEST_TARGET_NAME = Project3;
			};
			name = Release;
		};
/* End XCBuildConfiguration section */

/* Begin XCConfigurationList section */
		14077BB92F5D08BF00BEBEE1 /* Build configuration list for PBXProject "Project3" */ = {
			isa = XCConfigurationList;
			buildConfigurations = (
				14077BDD2F5D08C100BEBEE1 /* Debug */,
				14077BDE2F5D08C100BEBEE1 /* Release */,
			);
			defaultConfigurationIsVisible = 0;
			defaultConfigurationName = Release;
		};
		14077BDF2F5D08C100BEBEE1 /* Build configuration list for PBXNativeTarget "Project3" */ = {
			isa = XCConfigurationList;
			buildConfigurations = (
				14077BE02F5D08C100BEBEE1 /* Debug */,
				14077BE12F5D08C100BEBEE1 /* Release */,
			);
			defaultConfigurationIsVisible = 0;
			defaultConfigurationName = Release;
		};
		14077BE22F5D08C100BEBEE1 /* Build configuration list for PBXNativeTarget "Project3Tests" */ = {
			isa = XCConfigurationList;
			buildConfigurations = (
				14077BE32F5D08C100BEBEE1 /* Debug */,
				14077BE42F5D08C100BEBEE1 /* Release */,
			);
			defaultConfigurationIsVisible = 0;
			defaultConfigurationName = Release;
		};
		14077BE52F5D08C100BEBEE1 /* Build configuration list for PBXNativeTarget "Project3UITests" */ = {
			isa = XCConfigurationList;
			buildConfigurations = (
				14077BE62F5D08C100BEBEE1 /* Debug */,
				14077BE72F5D08C100BEBEE1 /* Release */,
			);
			defaultConfigurationIsVisible = 0;
			defaultConfigurationName = Release;
		};
/* End XCConfigurationList section */

/* Begin XCRemoteSwiftPackageReference section */
		14EBF5AD2F7858B2004C06DC /* XCRemoteSwiftPackageReference "supabase-swift" */ = {
			isa = XCRemoteSwiftPackageReference;
			repositoryURL = "https://github.com/supabase/supabase-swift.git";
			requirement = {
				kind = upToNextMajorVersion;
				minimumVersion = 2.5.1;
			};
		};
/* End XCRemoteSwiftPackageReference section */

/* Begin XCSwiftPackageProductDependency section */
		14EBF5AE2F7858B2004C06DC /* Auth */ = {
			isa = XCSwiftPackageProductDependency;
			package = 14EBF5AD2F7858B2004C06DC /* XCRemoteSwiftPackageReference "supabase-swift" */;
			productName = Auth;
		};
		14EBF5B02F7858B2004C06DC /* Functions */ = {
			isa = XCSwiftPackageProductDependency;
			package = 14EBF5AD2F7858B2004C06DC /* XCRemoteSwiftPackageReference "supabase-swift" */;
			productName = Functions;
		};
		14EBF5B22F7858B2004C06DC /* PostgREST */ = {
			isa = XCSwiftPackageProductDependency;
			package = 14EBF5AD2F7858B2004C06DC /* XCRemoteSwiftPackageReference "supabase-swift" */;
			productName = PostgREST;
		};
		14EBF5B42F7858B2004C06DC /* Realtime */ = {
			isa = XCSwiftPackageProductDependency;
			package = 14EBF5AD2F7858B2004C06DC /* XCRemoteSwiftPackageReference "supabase-swift" */;
			productName = Realtime;
		};
		14EBF5B62F7858B2004C06DC /* Storage */ = {
			isa = XCSwiftPackageProductDependency;
			package = 14EBF5AD2F7858B2004C06DC /* XCRemoteSwiftPackageReference "supabase-swift" */;
			productName = Storage;
		};
		14EBF5B82F7858B2004C06DC /* Supabase */ = {
			isa = XCSwiftPackageProductDependency;
			package = 14EBF5AD2F7858B2004C06DC /* XCRemoteSwiftPackageReference "supabase-swift" */;
			productName = Supabase;
		};
/* End XCSwiftPackageProductDependency section */
	};
	rootObject = 14077BB62F5D08BF00BEBEE1 /* Project object */;
}
